
Microsoft Visual Studio Solution File, Format Version 12.00
# Visual Studio 15
VisualStudioVersion = 15.0.26430.14
MinimumVisualStudioVersion = 10.0.40219.1
Project("{FAE04EC0-301F-11D3-BF4B-00C04F79EFBC}") = "DartsGame", "DartsGame\DartsGame.csproj", "{C6B2605E-8172-49BB-9BEB-CDA49F8AC1C7}"
EndProject
Project("{FAE04EC0-301F-11D3-BF4B-00C04F79EFBC}") = "Darts", "Darts\Darts.csproj", "{0AF2E1D3-A6DA-4DA3-BCB3-4C14E92D1B53}"
EndProject
Global
	GlobalSection(SolutionConfigurationPlatforms) = preSolution
		Debug|Any CPU = Debug|Any CPU
		Release|Any CPU = Release|Any CPU
	EndGlobalSection
	GlobalSection(ProjectConfigurationPlatforms) = postSolution
		{C6B2605E-8172-49BB-9BEB-CDA49F8AC1C7}.Debug|Any CPU.ActiveCfg = Debug|Any CPU
		{C6B2605E-8172-49BB-9BEB-CDA49F8AC1C7}.Debug|Any CPU.Build.0 = Debug|Any CPU
		{C6B2605E-8172-49BB-9BEB-CDA49F8AC1C7}.Release|Any CPU.ActiveCfg = Release|Any CPU
		{C6B2605E-8172-49BB-9BEB-CDA49F8AC1C7}.Release|Any CPU.Build.0 = Release|Any CPU
		{0AF2E1D3-A6DA-4DA3-BCB3-4C14E92D1B53}.Debug|Any CPU.ActiveCfg = Debug|Any CPU
		{0AF2E1D3-A6DA-4DA3-BCB3-4C14E92D1B53}.Debug|Any CPU.Build.0 = Debug|Any CPU
		{0AF2E1D3-A6DA-4DA3-BCB3-4C14E92D1B53}.Release|Any CPU.ActiveCfg = Release|Any CPU
		{0AF2E1D3-A6DA-4DA3-BCB3-4C14E92D1B53}.Release|Any CPU.Build.0 = Release|Any CPU
	EndGlobalSection
	GlobalSection(SolutionProperties) = preSolution
		HideSolutionNode = FALSE
	EndGlobalSection
EndGlobal
